{
  "nodes": {
    "darwin": {
      "inputs": {
        "nixpkgs": [
          "nixpkgs"
        ]
      },
      "locked": {
        "lastModified": 1671891118,
        "narHash": "sha256-+GJYiT7QbfA306ex4sGMlFB8Ts297pn3OdQ9kTd4aDw=",
        "owner": "lnl7",
        "repo": "nix-darwin",
        "rev": "267040e7a2b8644f1fdfcf57b7e808c286dbdc7b",
        "type": "github"
      },
      "original": {
        "owner": "lnl7",
        "ref": "master",
        "repo": "nix-darwin",
        "type": "github"
      }
    },
    "home-manager": {
      "inputs": {
        "nixpkgs": [
          "nixpkgs"
        ],
        "utils": "utils"
      },
      "locked": {
        "lastModified": 1672688183,
        "narHash": "sha256-3sNEWKTg3XXVDnvzVatdyetiUQWL+ibJ1YkvxSk3PuM=",
        "owner": "nix-community",
        "repo": "home-manager",
        "rev": "c1a830c8fabb13f95f51ecf48552f0a794d8718a",
        "type": "github"
      },
      "original": {
        "owner": "nix-community",
        "repo": "home-manager",
        "type": "github"
      }
    },
    "nixpkgs": {
      "locked": {
        "lastModified": 1672350804,
        "narHash": "sha256-jo6zkiCabUBn3ObuKXHGqqORUMH27gYDIFFfLq5P4wg=",
        "owner": "nixos",
        "repo": "nixpkgs",
        "rev": "677ed08a50931e38382dbef01cba08a8f7eac8f6",
        "type": "github"
      },
      "original": {
        "owner": "nixos",
        "ref": "nixos-unstable",
        "repo": "nixpkgs",
        "type": "github"
      }
    },
    "nur": {
      "locked": {
        "lastModified": 1672684028,
        "narHash": "sha256-AQpeIbZjKrF00GbvekFwnE0/jjiRi03rmUd4NsoFZRg=",
        "owner": "nix-community",
        "repo": "nur",
        "rev": "9ef201cc6cdce18d0372d8406544ba05a911e870",
        "type": "github"
      },
      "original": {
        "owner": "nix-community",
        "repo": "nur",
        "type": "github"
      }
    },
    "nvim": {
      "inputs": {
        "nixpkgs": [
          "nixpkgs"
        ]
      },
      "locked": {
        "lastModified": 1672688672,
        "narHash": "sha256-qsxdCcbOha3Cn7jzNCkdYzUlgKS+3k92/5rfjqZu588=",
        "owner": "jonathandion",
        "repo": "web-dev.nvim",
        "rev": "c7252118f2e0ef13538be415ca3ae0cb19beacaa",
        "type": "github"
      },
      "original": {
        "owner": "jonathandion",
        "repo": "web-dev.nvim",
        "type": "github"
      }
    },
    "root": {
      "inputs": {
        "darwin": "darwin",
        "home-manager": "home-manager",
        "nixpkgs": "nixpkgs",
        "nur": "nur",
        "nvim": "nvim"
      }
    },
    "utils": {
      "locked": {
        "lastModified": 1667395993,
        "narHash": "sha256-nuEHfE/LcWyuSWnS8t12N1wc105Qtau+/OdUAjtQ0rA=",
        "owner": "numtide",
        "repo": "flake-utils",
        "rev": "5aed5285a952e0b949eb3ba02c12fa4fcfef535f",
        "type": "github"
      },
      "original": {
        "owner": "numtide",
        "repo": "flake-utils",
        "type": "github"
      }
    }
  },
  "root": "root",
  "version": 7
}
